{
  "name": "max-mail",
  "version": "1.0.0",
  "lockfileVersion": 1,
  "requires": true,
  "dependencies": {
    "dotenv": {
      "version": "8.2.0",
      "resolved": "https://registry.npmjs.org/dotenv/-/dotenv-8.2.0.tgz",
      "integrity": "sha512-8sJ78ElpbDJBHNeBzUbUVLsqKdccaa/BXF1uPTw3GrvQTBgrQrtObr2mUrE38vzYd8cEv+m/JBfDLioYcfXoaw=="
    },
    "nodemailer": {
      "version": "6.4.4",
      "resolved": "https://registry.npmjs.org/nodemailer/-/nodemailer-6.4.4.tgz",
      "integrity": "sha512-2GqGu5o3FBmDibczU3+LZh9lCEiKmNx7LvHl512p8Kj+Kn5FQVOICZv85MDFz/erK0BDd5EJp3nqQLpWCZD1Gg=="
    }
  }
}
